// !$*UTF8*$!
{
	archiveVersion = 1;
	classes = {
	};
	objectVersion = 56;
	objects = {

/* Begin PBXBuildFile section */
		005A8874299A9AF200AF6D93 /* SF-Pro-Display-Bold.otf in Resources */ = {isa = PBXBuildFile; fileRef = 005A8873299A9AF200AF6D93 /* SF-Pro-Display-Bold.otf */; };
		005A8876299A9AFC00AF6D93 /* SF-Pro-Display-Medium.otf in Resources */ = {isa = PBXBuildFile; fileRef = 005A8875299A9AFC00AF6D93 /* SF-Pro-Display-Medium.otf */; };
		005A8878299A9B0400AF6D93 /* SF-Pro-Display-Regular.otf in Resources */ = {isa = PBXBuildFile; fileRef = 005A8877299A9B0400AF6D93 /* SF-Pro-Display-Regular.otf */; };
		005A887A299AA87E00AF6D93 /* SwiftSkillModel.swift in Sources */ = {isa = PBXBuildFile; fileRef = 005A8879299AA87E00AF6D93 /* SwiftSkillModel.swift */; };
		005A887C299AAF0200AF6D93 /* Assets.xcassets in Resources */ = {isa = PBXBuildFile; fileRef = 00C5D168299A539000172C96 /* Assets.xcassets */; };
		005A887E299AAF1D00AF6D93 /* SkillCell.swift in Sources */ = {isa = PBXBuildFile; fileRef = 005A887D299AAF1D00AF6D93 /* SkillCell.swift */; };
		00B95878299A80C100942C84 /* InternshipSurfView.swift in Sources */ = {isa = PBXBuildFile; fileRef = 00B95877299A80C100942C84 /* InternshipSurfView.swift */; };
		00C5D160299A538F00172C96 /* AppDelegate.swift in Sources */ = {isa = PBXBuildFile; fileRef = 00C5D15F299A538F00172C96 /* AppDelegate.swift */; };
		00C5D162299A538F00172C96 /* SceneDelegate.swift in Sources */ = {isa = PBXBuildFile; fileRef = 00C5D161299A538F00172C96 /* SceneDelegate.swift */; };
		00C5D164299A538F00172C96 /* MainViewController.swift in Sources */ = {isa = PBXBuildFile; fileRef = 00C5D163299A538F00172C96 /* MainViewController.swift */; };
		00C5D16C299A539000172C96 /* LaunchScreen.storyboard in Resources */ = {isa = PBXBuildFile; fileRef = 00C5D16A299A539000172C96 /* LaunchScreen.storyboard */; };
/* End PBXBuildFile section */

/* Begin PBXFileReference section */
		005A8873299A9AF200AF6D93 /* SF-Pro-Display-Bold.otf */ = {isa = PBXFileReference; lastKnownFileType = file; path = "SF-Pro-Display-Bold.otf"; sourceTree = "<group>"; };
		005A8875299A9AFC00AF6D93 /* SF-Pro-Display-Medium.otf */ = {isa = PBXFileReference; lastKnownFileType = file; path = "SF-Pro-Display-Medium.otf"; sourceTree = "<group>"; };
		005A8877299A9B0400AF6D93 /* SF-Pro-Display-Regular.otf */ = {isa = PBXFileReference; lastKnownFileType = file; path = "SF-Pro-Display-Regular.otf"; sourceTree = "<group>"; };
		005A8879299AA87E00AF6D93 /* SwiftSkillModel.swift */ = {isa = PBXFileReference; lastKnownFileType = sourcecode.swift; path = SwiftSkillModel.swift; sourceTree = "<group>"; };
		005A887D299AAF1D00AF6D93 /* SkillCell.swift */ = {isa = PBXFileReference; lastKnownFileType = sourcecode.swift; path = SkillCell.swift; sourceTree = "<group>"; };
		00B95877299A80C100942C84 /* InternshipSurfView.swift */ = {isa = PBXFileReference; lastKnownFileType = sourcecode.swift; path = InternshipSurfView.swift; sourceTree = "<group>"; };
		00C5D15C299A538F00172C96 /* SurfTestTask.app */ = {isa = PBXFileReference; explicitFileType = wrapper.application; includeInIndex = 0; path = SurfTestTask.app; sourceTree = BUILT_PRODUCTS_DIR; };
		00C5D15F299A538F00172C96 /* AppDelegate.swift */ = {isa = PBXFileReference; lastKnownFileType = sourcecode.swift; path = AppDelegate.swift; sourceTree = "<group>"; };
		00C5D161299A538F00172C96 /* SceneDelegate.swift */ = {isa = PBXFileReference; lastKnownFileType = sourcecode.swift; path = SceneDelegate.swift; sourceTree = "<group>"; };
		00C5D163299A538F00172C96 /* MainViewController.swift */ = {isa = PBXFileReference; lastKnownFileType = sourcecode.swift; path = MainViewController.swift; sourceTree = "<group>"; };
		00C5D168299A539000172C96 /* Assets.xcassets */ = {isa = PBXFileReference; lastKnownFileType = folder.assetcatalog; path = Assets.xcassets; sourceTree = "<group>"; };
		00C5D16B299A539000172C96 /* Base */ = {isa = PBXFileReference; lastKnownFileType = file.storyboard; name = Base; path = Base.lproj/LaunchScreen.storyboard; sourceTree = "<group>"; };
		00C5D16D299A539000172C96 /* Info.plist */ = {isa = PBXFileReference; lastKnownFileType = text.plist.xml; path = Info.plist; sourceTree = "<group>"; };
/* End PBXFileReference section */

/* Begin PBXFrameworksBuildPhase section */
		00C5D159299A538F00172C96 /* Frameworks */ = {
			isa = PBXFrameworksBuildPhase;
			buildActionMask = 2147483647;
			files = (
			);
			runOnlyForDeploymentPostprocessing = 0;
		};
/* End PBXFrameworksBuildPhase section */

/* Begin PBXGroup section */
		0083F4BE299A8CD9000E7AE8 /* Font */ = {
			isa = PBXGroup;
			children = (
				005A8873299A9AF200AF6D93 /* SF-Pro-Display-Bold.otf */,
				005A8875299A9AFC00AF6D93 /* SF-Pro-Display-Medium.otf */,
				005A8877299A9B0400AF6D93 /* SF-Pro-Display-Regular.otf */,
			);
			path = Font;
			sourceTree = "<group>";
		};
		00C5D153299A538F00172C96 = {
			isa = PBXGroup;
			children = (
				00C5D15E299A538F00172C96 /* SurfTestTask */,
				00C5D15D299A538F00172C96 /* Products */,
			);
			sourceTree = "<group>";
		};
		00C5D15D299A538F00172C96 /* Products */ = {
			isa = PBXGroup;
			children = (
				00C5D15C299A538F00172C96 /* SurfTestTask.app */,
			);
			name = Products;
			sourceTree = "<group>";
		};
		00C5D15E299A538F00172C96 /* SurfTestTask */ = {
			isa = PBXGroup;
			children = (
				00C5D15F299A538F00172C96 /* AppDelegate.swift */,
				00C5D161299A538F00172C96 /* SceneDelegate.swift */,
				00C5D163299A538F00172C96 /* MainViewController.swift */,
				00C5D168299A539000172C96 /* Assets.xcassets */,
				00C5D16A299A539000172C96 /* LaunchScreen.storyboard */,
				00C5D16D299A539000172C96 /* Info.plist */,
				00B95877299A80C100942C84 /* InternshipSurfView.swift */,
				005A887D299AAF1D00AF6D93 /* SkillCell.swift */,
				0083F4BE299A8CD9000E7AE8 /* Font */,
				005A8879299AA87E00AF6D93 /* SwiftSkillModel.swift */,
			);
			path = SurfTestTask;
			sourceTree = "<group>";
		};
/* End PBXGroup section */

/* Begin PBXNativeTarget section */
		00C5D15B299A538F00172C96 /* SurfTestTask */ = {
			isa = PBXNativeTarget;
			buildConfigurationList = 00C5D170299A539000172C96 /* Build configuration list for PBXNativeTarget "SurfTestTask" */;
			buildPhases = (
				00C5D158299A538F00172C96 /* Sources */,
				00C5D159299A538F00172C96 /* Frameworks */,
				00C5D15A299A538F00172C96 /* Resources */,
			);
			buildRules = (
			);
			dependencies = (
			);
			name = SurfTestTask;
			productName = SurfTestTask;
			productReference = 00C5D15C299A538F00172C96 /* SurfTestTask.app */;
			productType = "com.apple.product-type.application";
		};
/* End PBXNativeTarget section */

/* Begin PBXProject section */
		00C5D154299A538F00172C96 /* Project object */ = {
			isa = PBXProject;
			attributes = {
				BuildIndependentTargetsInParallel = 1;
				LastSwiftUpdateCheck = 1420;
				LastUpgradeCheck = 1420;
				TargetAttributes = {
					00C5D15B299A538F00172C96 = {
						CreatedOnToolsVersion = 14.2;
					};
				};
			};
			buildConfigurationList = 00C5D157299A538F00172C96 /* Build configuration list for PBXProject "SurfTestTask" */;
			compatibilityVersion = "Xcode 14.0";
			developmentRegion = en;
			hasScannedForEncodings = 0;
			knownRegions = (
				en,
				Base,
			);
			mainGroup = 00C5D153299A538F00172C96;
			productRefGroup = 00C5D15D299A538F00172C96 /* Products */;
			projectDirPath = "";
			projectRoot = "";
			targets = (
				00C5D15B299A538F00172C96 /* SurfTestTask */,
			);
		};
/* End PBXProject section */

/* Begin PBXResourcesBuildPhase section */
		00C5D15A299A538F00172C96 /* Resources */ = {
			isa = PBXResourcesBuildPhase;
			buildActionMask = 2147483647;
			files = (
				00C5D16C299A539000172C96 /* LaunchScreen.storyboard in Resources */,
				005A8878299A9B0400AF6D93 /* SF-Pro-Display-Regular.otf in Resources */,
				005A8874299A9AF200AF6D93 /* SF-Pro-Display-Bold.otf in Resources */,
				005A8876299A9AFC00AF6D93 /* SF-Pro-Display-Medium.otf in Resources */,
				005A887C299AAF0200AF6D93 /* Assets.xcassets in Resources */,
			);
			runOnlyForDeploymentPostprocessing = 0;
		};
/* End PBXResourcesBuildPhase section */

/* Begin PBXSourcesBuildPhase section */
		00C5D158299A538F00172C96 /* Sources */ = {
			isa = PBXSourcesBuildPhase;
			buildActionMask = 2147483647;
			files = (
				00C5D164299A538F00172C96 /* MainViewController.swift in Sources */,
				005A887E299AAF1D00AF6D93 /* SkillCell.swift in Sources */,
				00C5D160299A538F00172C96 /* AppDelegate.swift in Sources */,
				00B95878299A80C100942C84 /* InternshipSurfView.swift in Sources */,
				005A887A299AA87E00AF6D93 /* SwiftSkillModel.swift in Sources */,
				00C5D162299A538F00172C96 /* SceneDelegate.swift in Sources */,
			);
			runOnlyForDeploymentPostprocessing = 0;
		};
/* End PBXSourcesBuildPhase section */

/* Begin PBXVariantGroup section */
		00C5D16A299A539000172C96 /* LaunchScreen.storyboard */ = {
			isa = PBXVariantGroup;
			children = (
				00C5D16B299A539000172C96 /* Base */,
			);
			name = LaunchScreen.storyboard;
			sourceTree = "<group>";
		};
/* End PBXVariantGroup section */

/* Begin XCBuildConfiguration section */
		00C5D16E299A539000172C96 /* Debug */ = {
			isa = XCBuildConfiguration;
			buildSettings = {
				ALWAYS_SEARCH_USER_PATHS = NO;
				CLANG_ANALYZER_NONNULL = YES;
				CLANG_ANALYZER_NUMBER_OBJECT_CONVERSION = YES_AGGRESSIVE;
				CLANG_CXX_LANGUAGE_STANDARD = "gnu++20";
				CLANG_ENABLE_MODULES = YES;
				CLANG_ENABLE_OBJC_ARC = YES;
				CLANG_ENABLE_OBJC_WEAK = YES;
				CLANG_WARN_BLOCK_CAPTURE_AUTORELEASING = YES;
				CLANG_WARN_BOOL_CONVERSION = YES;
				CLANG_WARN_COMMA = YES;
				CLANG_WARN_CONSTANT_CONVERSION = YES;
				CLANG_WARN_DEPRECATED_OBJC_IMPLEMENTATIONS = YES;
				CLANG_WARN_DIRECT_OBJC_ISA_USAGE = YES_ERROR;
				CLANG_WARN_DOCUMENTATION_COMMENTS = YES;
				CLANG_WARN_EMPTY_BODY = YES;
				CLANG_WARN_ENUM_CONVERSION = YES;
				CLANG_WARN_INFINITE_RECURSION = YES;
				CLANG_WARN_INT_CONVERSION = YES;
				CLANG_WARN_NON_LITERAL_NULL_CONVERSION = YES;
				CLANG_WARN_OBJC_IMPLICIT_RETAIN_SELF = YES;
				CLANG_WARN_OBJC_LITERAL_CONVERSION = YES;
				CLANG_WARN_OBJC_ROOT_CLASS = YES_ERROR;
				CLANG_WARN_QUOTED_INCLUDE_IN_FRAMEWORK_HEADER = YES;
				CLANG_WARN_RANGE_LOOP_ANALYSIS = YES;
				CLANG_WARN_STRICT_PROTOTYPES = YES;
				CLANG_WARN_SUSPICIOUS_MOVE = YES;
				CLANG_WARN_UNGUARDED_AVAILABILITY = YES_AGGRESSIVE;
				CLANG_WARN_UNREACHABLE_CODE = YES;
				CLANG_WARN__DUPLICATE_METHOD_MATCH = YES;
				COPY_PHASE_STRIP = NO;
				DEBUG_INFORMATION_FORMAT = dwarf;
				ENABLE_STRICT_OBJC_MSGSEND = YES;
				ENABLE_TESTABILITY = YES;
				GCC_C_LANGUAGE_STANDARD = gnu11;
				GCC_DYNAMIC_NO_PIC = NO;
				GCC_NO_COMMON_BLOCKS = YES;
				GCC_OPTIMIZATION_LEVEL = 0;
				GCC_PREPROCESSOR_DEFINITIONS = (
					"DEBUG=1",
					"$(inherited)",
				);
				GCC_WARN_64_TO_32_BIT_CONVERSION = YES;
				GCC_WARN_ABOUT_RETURN_TYPE = YES_ERROR;
				GCC_WARN_UNDECLARED_SELECTOR = YES;
				GCC_WARN_UNINITIALIZED_AUTOS = YES_AGGRESSIVE;
				GCC_WARN_UNUSED_FUNCTION = YES;
				GCC_WARN_UNUSED_VARIABLE = YES;
				IPHONEOS_DEPLOYMENT_TARGET = 16.2;
				MTL_ENABLE_DEBUG_INFO = INCLUDE_SOURCE;
				MTL_FAST_MATH = YES;
				ONLY_ACTIVE_ARCH = YES;
				SDKROOT = iphoneos;
				SWIFT_ACTIVE_COMPILATION_CONDITIONS = DEBUG;
				SWIFT_OPTIMIZATION_LEVEL = "-Onone";
			};
			name = Debug;
		};
		00C5D16F299A539000172C96 /* Release */ = {
			isa = XCBuildConfiguration;
			buildSettings = {
				ALWAYS_SEARCH_USER_PATHS = NO;
				CLANG_ANALYZER_NONNULL = YES;
				CLANG_ANALYZER_NUMBER_OBJECT_CONVERSION = YES_AGGRESSIVE;
				CLANG_CXX_LANGUAGE_STANDARD = "gnu++20";
				CLANG_ENABLE_MODULES = YES;
				CLANG_ENABLE_OBJC_ARC = YES;
				CLANG_ENABLE_OBJC_WEAK = YES;
				CLANG_WARN_BLOCK_CAPTURE_AUTORELEASING = YES;
				CLANG_WARN_BOOL_CONVERSION = YES;
				CLANG_WARN_COMMA = YES;
				CLANG_WARN_CONSTANT_CONVERSION = YES;
				CLANG_WARN_DEPRECATED_OBJC_IMPLEMENTATIONS = YES;
				CLANG_WARN_DIRECT_OBJC_ISA_USAGE = YES_ERROR;
				CLANG_WARN_DOCUMENTATION_COMMENTS = YES;
				CLANG_WARN_EMPTY_BODY = YES;
				CLANG_WARN_ENUM_CONVERSION = YES;
				CLANG_WARN_INFINITE_RECURSION = YES;
				CLANG_WARN_INT_CONVERSION = YES;
				CLANG_WARN_NON_LITERAL_NULL_CONVERSION = YES;
				CLANG_WARN_OBJC_IMPLICIT_RETAIN_SELF = YES;
				CLANG_WARN_OBJC_LITERAL_CONVERSION = YES;
				CLANG_WARN_OBJC_ROOT_CLASS = YES_ERROR;
				CLANG_WARN_QUOTED_INCLUDE_IN_FRAMEWORK_HEADER = YES;
				CLANG_WARN_RANGE_LOOP_ANALYSIS = YES;
				CLANG_WARN_STRICT_PROTOTYPES = YES;
				CLANG_WARN_SUSPICIOUS_MOVE = YES;
				CLANG_WARN_UNGUARDED_AVAILABILITY = YES_AGGRESSIVE;
				CLANG_WARN_UNREACHABLE_CODE = YES;
				CLANG_WARN__DUPLICATE_METHOD_MATCH = YES;
				COPY_PHASE_STRIP = NO;
				DEBUG_INFORMATION_FORMAT = "dwarf-with-dsym";
				ENABLE_NS_ASSERTIONS = NO;
				ENABLE_STRICT_OBJC_MSGSEND = YES;
				GCC_C_LANGUAGE_STANDARD = gnu11;
				GCC_NO_COMMON_BLOCKS = YES;
				GCC_WARN_64_TO_32_BIT_CONVERSION = YES;
				GCC_WARN_ABOUT_RETURN_TYPE = YES_ERROR;
				GCC_WARN_UNDECLARED_SELECTOR = YES;
				GCC_WARN_UNINITIALIZED_AUTOS = YES_AGGRESSIVE;
				GCC_WARN_UNUSED_FUNCTION = YES;
				GCC_WARN_UNUSED_VARIABLE = YES;
				IPHONEOS_DEPLOYMENT_TARGET = 16.2;
				MTL_ENABLE_DEBUG_INFO = NO;
				MTL_FAST_MATH = YES;
				SDKROOT = iphoneos;
				SWIFT_COMPILATION_MODE = wholemodule;
				SWIFT_OPTIMIZATION_LEVEL = "-O";
				VALIDATE_PRODUCT = YES;
			};
			name = Release;
		};
		00C5D171299A539000172C96 /* Debug */ = {
			isa = XCBuildConfiguration;
			buildSettings = {
				ASSETCATALOG_COMPILER_APPICON_NAME = AppIcon;
				ASSETCATALOG_COMPILER_GLOBAL_ACCENT_COLOR_NAME = AccentColor;
				CODE_SIGN_STYLE = Automatic;
				CURRENT_PROJECT_VERSION = 1;
				DEVELOPMENT_TEAM = W9FSXFWG34;
				GENERATE_INFOPLIST_FILE = YES;
				INFOPLIST_FILE = SurfTestTask/Info.plist;
				INFOPLIST_KEY_UIApplicationSupportsIndirectInputEvents = YES;
				INFOPLIST_KEY_UILaunchStoryboardName = LaunchScreen;
				INFOPLIST_KEY_UISupportedInterfaceOrientations_iPad = "UIInterfaceOrientationPortrait UIInterfaceOrientationPortraitUpsideDown UIInterfaceOrientationLandscapeLeft UIInterfaceOrientationLandscapeRight";
				INFOPLIST_KEY_UISupportedInterfaceOrientations_iPhone = "UIInterfaceOrientationPortrait UIInterfaceOrientationLandscapeLeft UIInterfaceOrientationLandscapeRight";
				LD_RUNPATH_SEARCH_PATHS = (
					"$(inherited)",
					"@executable_path/Frameworks",
				);
				MARKETING_VERSION = 1.0;
				PRODUCT_BUNDLE_IDENTIFIER = com.artemorlov.SurfTestTask;
				PRODUCT_NAME = "$(TARGET_NAME)";
				SWIFT_EMIT_LOC_STRINGS = YES;
				SWIFT_VERSION = 5.0;
				TARGETED_DEVICE_FAMILY = "1,2";
			};
			name = Debug;
		};
		00C5D172299A539000172C96 /* Release */ = {
			isa = XCBuildConfiguration;
			buildSettings = {
				ASSETCATALOG_COMPILER_APPICON_NAME = AppIcon;
				ASSETCATALOG_COMPILER_GLOBAL_ACCENT_COLOR_NAME = AccentColor;
				CODE_SIGN_STYLE = Automatic;
				CURRENT_PROJECT_VERSION = 1;
				DEVELOPMENT_TEAM = W9FSXFWG34;
				GENERATE_INFOPLIST_FILE = YES;
				INFOPLIST_FILE = SurfTestTask/Info.plist;
				INFOPLIST_KEY_UIApplicationSupportsIndirectInputEvents = YES;
				INFOPLIST_KEY_UILaunchStoryboardName = LaunchScreen;
				INFOPLIST_KEY_UISupportedInterfaceOrientations_iPad = "UIInterfaceOrientationPortrait UIInterfaceOrientationPortraitUpsideDown UIInterfaceOrientationLandscapeLeft UIInterfaceOrientationLandscapeRight";
				INFOPLIST_KEY_UISupportedInterfaceOrientations_iPhone = "UIInterfaceOrientationPortrait UIInterfaceOrientationLandscapeLeft UIInterfaceOrientationLandscapeRight";
				LD_RUNPATH_SEARCH_PATHS = (
					"$(inherited)",
					"@executable_path/Frameworks",
				);
				MARKETING_VERSION = 1.0;
				PRODUCT_BUNDLE_IDENTIFIER = com.artemorlov.SurfTestTask;
				PRODUCT_NAME = "$(TARGET_NAME)";
				SWIFT_EMIT_LOC_STRINGS = YES;
				SWIFT_VERSION = 5.0;
				TARGETED_DEVICE_FAMILY = "1,2";
			};
			name = Release;
		};
/* End XCBuildConfiguration section */

/* Begin XCConfigurationList section */
		00C5D157299A538F00172C96 /* Build configuration list for PBXProject "SurfTestTask" */ = {
			isa = XCConfigurationList;
			buildConfigurations = (
				00C5D16E299A539000172C96 /* Debug */,
				00C5D16F299A539000172C96 /* Release */,
			);
			defaultConfigurationIsVisible = 0;
			defaultConfigurationName = Release;
		};
		00C5D170299A539000172C96 /* Build configuration list for PBXNativeTarget "SurfTestTask" */ = {
			isa = XCConfigurationList;
			buildConfigurations = (
				00C5D171299A539000172C96 /* Debug */,
				00C5D172299A539000172C96 /* Release */,
			);
			defaultConfigurationIsVisible = 0;
			defaultConfigurationName = Release;
		};
/* End XCConfigurationList section */
	};
	rootObject = 00C5D154299A538F00172C96 /* Project object */;
}
